{
  "name": "game-starter-b15-server",
  "version": "1.0.0",
  "lockfileVersion": 1,
  "requires": true,
  "dependencies": {
    "kcors": {
      "version": "2.2.2",
      "resolved": "https://registry.npmjs.org/kcors/-/kcors-2.2.2.tgz",
      "integrity": "sha512-rIqbKa2S0gT0wC/790jsQM6hNpABHBNWQ7+XYS1xJV6zOGxlanW+RtCmlDn6wPZsGpRk371yy8abfBgl2OTavg=="
    }
  }
}
